
Microsoft Visual Studio Solution File, Format Version 12.00
# Visual Studio Version 17
VisualStudioVersion = 17.12.35707.178
MinimumVisualStudioVersion = 10.0.40219.1
Project("{FAE04EC0-301F-11D3-BF4B-00C04F79EFBC}") = "StepWise.Web", "StepWise.Web\StepWise.Web.csproj", "{EE0D74E0-5A06-49B8-9B96-25EB341635B7}"
EndProject
Project("{FAE04EC0-301F-11D3-BF4B-00C04F79EFBC}") = "StepWise.Web.ViewModels", "StepWise.Web.ViewModels\StepWise.Web.ViewModels.csproj", "{7DAF094B-B502-4F9F-81AE-AB4BEEDB70C7}"
EndProject
Project("{FAE04EC0-301F-11D3-BF4B-00C04F79EFBC}") = "StepWise.Common", "StepWise.Common\StepWise.Common.csproj", "{9F2CC6C5-1DDB-4A5A-A76C-7531020289A6}"
EndProject
Project("{FAE04EC0-301F-11D3-BF4B-00C04F79EFBC}") = "StepWise.Data.Models", "StepWise.Data.Models\StepWise.Data.Models.csproj", "{5D396E8A-B2D2-4BD1-8C6A-2CAC7D66D478}"
EndProject
Project("{2150E333-8FDC-42A3-9474-1A3956D46DE8}") = "Web", "Web", "{3E92399C-B0ED-4498-BF7F-13329F69AC96}"
EndProject
Project("{2150E333-8FDC-42A3-9474-1A3956D46DE8}") = "Data", "Data", "{E010CFD2-F2FA-4A11-B64B-FE8566DDA9C9}"
EndProject
Project("{FAE04EC0-301F-11D3-BF4B-00C04F79EFBC}") = "StepWise.Data", "StepWise.Data\StepWise.Data.csproj", "{CE531161-A2D3-4764-A641-AC87774E2B0F}"
EndProject
Project("{FAE04EC0-301F-11D3-BF4B-00C04F79EFBC}") = "StepWise.Web.Infrastructure", "StepWise.Web.Infrastructure\StepWise.Web.Infrastructure.csproj", "{8278DA65-49C9-4702-A009-AACB74F3D221}"
EndProject
Project("{2150E333-8FDC-42A3-9474-1A3956D46DE8}") = "Services", "Services", "{02EA681E-C7D8-13C7-8484-4AC65E1B71E8}"
EndProject
Project("{FAE04EC0-301F-11D3-BF4B-00C04F79EFBC}") = "StepWise.Services.Core", "StepWise.Services.Core\StepWise.Services.Core.csproj", "{32AB8BE9-6ED4-4897-A9D4-349507651D04}"
EndProject
Project("{FAE04EC0-301F-11D3-BF4B-00C04F79EFBC}") = "StepWise.Services.Common", "StepWise.Services.Common\StepWise.Services.Common.csproj", "{234E1D4E-6062-43F6-9E19-CE20ADF22883}"
EndProject
Project("{FAE04EC0-301F-11D3-BF4B-00C04F79EFBC}") = "StepWise.Services.Mapping", "StepWise.Services.Mapping\StepWise.Services.Mapping.csproj", "{B9A925E2-7537-40E2-9DE7-488E3F0D4A51}"
EndProject
Project("{2150E333-8FDC-42A3-9474-1A3956D46DE8}") = "Common", "Common", "{0124A9C4-363A-4A8C-8FC9-31A7058B7ED4}"
EndProject
Project("{FAE04EC0-301F-11D3-BF4B-00C04F79EFBC}") = "StepWise.GCommon", "StepWise.GCommon\StepWise.GCommon.csproj", "{AAD30334-4918-4C73-A7C7-4168688D12B4}"
EndProject
Project("{2150E333-8FDC-42A3-9474-1A3956D46DE8}") = "Tests", "Tests", "{4B4EED82-B5EF-48EE-AFA2-2DC09578548C}"
EndProject
Project("{FAE04EC0-301F-11D3-BF4B-00C04F79EFBC}") = "StepWise.Services.Tests", "StepWise.Services.Tests\StepWise.Services.Tests.csproj", "{717C7627-BB4E-4DE4-B842-9B7DF8966A37}"
EndProject
Global
	GlobalSection(SolutionConfigurationPlatforms) = preSolution
		Debug|Any CPU = Debug|Any CPU
		Release|Any CPU = Release|Any CPU
	EndGlobalSection
	GlobalSection(ProjectConfigurationPlatforms) = postSolution
		{EE0D74E0-5A06-49B8-9B96-25EB341635B7}.Debug|Any CPU.ActiveCfg = Debug|Any CPU
		{EE0D74E0-5A06-49B8-9B96-25EB341635B7}.Debug|Any CPU.Build.0 = Debug|Any CPU
		{EE0D74E0-5A06-49B8-9B96-25EB341635B7}.Release|Any CPU.ActiveCfg = Release|Any CPU
		{EE0D74E0-5A06-49B8-9B96-25EB341635B7}.Release|Any CPU.Build.0 = Release|Any CPU
		{7DAF094B-B502-4F9F-81AE-AB4BEEDB70C7}.Debug|Any CPU.ActiveCfg = Debug|Any CPU
		{7DAF094B-B502-4F9F-81AE-AB4BEEDB70C7}.Debug|Any CPU.Build.0 = Debug|Any CPU
		{7DAF094B-B502-4F9F-81AE-AB4BEEDB70C7}.Release|Any CPU.ActiveCfg = Release|Any CPU
		{7DAF094B-B502-4F9F-81AE-AB4BEEDB70C7}.Release|Any CPU.Build.0 = Release|Any CPU
		{9F2CC6C5-1DDB-4A5A-A76C-7531020289A6}.Debug|Any CPU.ActiveCfg = Debug|Any CPU
		{9F2CC6C5-1DDB-4A5A-A76C-7531020289A6}.Debug|Any CPU.Build.0 = Debug|Any CPU
		{9F2CC6C5-1DDB-4A5A-A76C-7531020289A6}.Release|Any CPU.ActiveCfg = Release|Any CPU
		{9F2CC6C5-1DDB-4A5A-A76C-7531020289A6}.Release|Any CPU.Build.0 = Release|Any CPU
		{5D396E8A-B2D2-4BD1-8C6A-2CAC7D66D478}.Debug|Any CPU.ActiveCfg = Debug|Any CPU
		{5D396E8A-B2D2-4BD1-8C6A-2CAC7D66D478}.Debug|Any CPU.Build.0 = Debug|Any CPU
		{5D396E8A-B2D2-4BD1-8C6A-2CAC7D66D478}.Release|Any CPU.ActiveCfg = Release|Any CPU
		{5D396E8A-B2D2-4BD1-8C6A-2CAC7D66D478}.Release|Any CPU.Build.0 = Release|Any CPU
		{CE531161-A2D3-4764-A641-AC87774E2B0F}.Debug|Any CPU.ActiveCfg = Debug|Any CPU
		{CE531161-A2D3-4764-A641-AC87774E2B0F}.Debug|Any CPU.Build.0 = Debug|Any CPU
		{CE531161-A2D3-4764-A641-AC87774E2B0F}.Release|Any CPU.ActiveCfg = Release|Any CPU
		{CE531161-A2D3-4764-A641-AC87774E2B0F}.Release|Any CPU.Build.0 = Release|Any CPU
		{8278DA65-49C9-4702-A009-AACB74F3D221}.Debug|Any CPU.ActiveCfg = Debug|Any CPU
		{8278DA65-49C9-4702-A009-AACB74F3D221}.Debug|Any CPU.Build.0 = Debug|Any CPU
		{8278DA65-49C9-4702-A009-AACB74F3D221}.Release|Any CPU.ActiveCfg = Release|Any CPU
		{8278DA65-49C9-4702-A009-AACB74F3D221}.Release|Any CPU.Build.0 = Release|Any CPU
		{32AB8BE9-6ED4-4897-A9D4-349507651D04}.Debug|Any CPU.ActiveCfg = Debug|Any CPU
		{32AB8BE9-6ED4-4897-A9D4-349507651D04}.Debug|Any CPU.Build.0 = Debug|Any CPU
		{32AB8BE9-6ED4-4897-A9D4-349507651D04}.Release|Any CPU.ActiveCfg = Release|Any CPU
		{32AB8BE9-6ED4-4897-A9D4-349507651D04}.Release|Any CPU.Build.0 = Release|Any CPU
		{234E1D4E-6062-43F6-9E19-CE20ADF22883}.Debug|Any CPU.ActiveCfg = Debug|Any CPU
		{234E1D4E-6062-43F6-9E19-CE20ADF22883}.Debug|Any CPU.Build.0 = Debug|Any CPU
		{234E1D4E-6062-43F6-9E19-CE20ADF22883}.Release|Any CPU.ActiveCfg = Release|Any CPU
		{234E1D4E-6062-43F6-9E19-CE20ADF22883}.Release|Any CPU.Build.0 = Release|Any CPU
		{B9A925E2-7537-40E2-9DE7-488E3F0D4A51}.Debug|Any CPU.ActiveCfg = Debug|Any CPU
		{B9A925E2-7537-40E2-9DE7-488E3F0D4A51}.Debug|Any CPU.Build.0 = Debug|Any CPU
		{B9A925E2-7537-40E2-9DE7-488E3F0D4A51}.Release|Any CPU.ActiveCfg = Release|Any CPU
		{B9A925E2-7537-40E2-9DE7-488E3F0D4A51}.Release|Any CPU.Build.0 = Release|Any CPU
		{AAD30334-4918-4C73-A7C7-4168688D12B4}.Debug|Any CPU.ActiveCfg = Debug|Any CPU
		{AAD30334-4918-4C73-A7C7-4168688D12B4}.Debug|Any CPU.Build.0 = Debug|Any CPU
		{AAD30334-4918-4C73-A7C7-4168688D12B4}.Release|Any CPU.ActiveCfg = Release|Any CPU
		{AAD30334-4918-4C73-A7C7-4168688D12B4}.Release|Any CPU.Build.0 = Release|Any CPU
		{717C7627-BB4E-4DE4-B842-9B7DF8966A37}.Debug|Any CPU.ActiveCfg = Debug|Any CPU
		{717C7627-BB4E-4DE4-B842-9B7DF8966A37}.Debug|Any CPU.Build.0 = Debug|Any CPU
		{717C7627-BB4E-4DE4-B842-9B7DF8966A37}.Release|Any CPU.ActiveCfg = Release|Any CPU
		{717C7627-BB4E-4DE4-B842-9B7DF8966A37}.Release|Any CPU.Build.0 = Release|Any CPU
	EndGlobalSection
	GlobalSection(SolutionProperties) = preSolution
		HideSolutionNode = FALSE
	EndGlobalSection
	GlobalSection(NestedProjects) = preSolution
		{EE0D74E0-5A06-49B8-9B96-25EB341635B7} = {3E92399C-B0ED-4498-BF7F-13329F69AC96}
		{7DAF094B-B502-4F9F-81AE-AB4BEEDB70C7} = {3E92399C-B0ED-4498-BF7F-13329F69AC96}
		{9F2CC6C5-1DDB-4A5A-A76C-7531020289A6} = {0124A9C4-363A-4A8C-8FC9-31A7058B7ED4}
		{5D396E8A-B2D2-4BD1-8C6A-2CAC7D66D478} = {E010CFD2-F2FA-4A11-B64B-FE8566DDA9C9}
		{CE531161-A2D3-4764-A641-AC87774E2B0F} = {E010CFD2-F2FA-4A11-B64B-FE8566DDA9C9}
		{8278DA65-49C9-4702-A009-AACB74F3D221} = {3E92399C-B0ED-4498-BF7F-13329F69AC96}
		{32AB8BE9-6ED4-4897-A9D4-349507651D04} = {02EA681E-C7D8-13C7-8484-4AC65E1B71E8}
		{234E1D4E-6062-43F6-9E19-CE20ADF22883} = {02EA681E-C7D8-13C7-8484-4AC65E1B71E8}
		{B9A925E2-7537-40E2-9DE7-488E3F0D4A51} = {02EA681E-C7D8-13C7-8484-4AC65E1B71E8}
		{AAD30334-4918-4C73-A7C7-4168688D12B4} = {0124A9C4-363A-4A8C-8FC9-31A7058B7ED4}
		{717C7627-BB4E-4DE4-B842-9B7DF8966A37} = {4B4EED82-B5EF-48EE-AFA2-2DC09578548C}
	EndGlobalSection
	GlobalSection(ExtensibilityGlobals) = postSolution
		SolutionGuid = {104C46F1-716F-46F3-90BE-D0BDFE30023D}
	EndGlobalSection
EndGlobal
